
Microsoft Visual Studio Solution File, Format Version 12.00
# Visual Studio 15
Project("{FAE04EC0-301F-11D3-BF4B-00C04F79EFBC}") = "Mirror", "Mirror.csproj", "{4D442985-6350-595E-535A-1A34E725252B}"
EndProject
Project("{FAE04EC0-301F-11D3-BF4B-00C04F79EFBC}") = "PhotonUnityNetworking.Utilities", "PhotonUnityNetworking.Utilities.csproj", "{307EF005-DF8A-85CC-B3ED-7FFE4A636AD8}"
EndProject
Project("{FAE04EC0-301F-11D3-BF4B-00C04F79EFBC}") = "Assembly-CSharp", "Assembly-CSharp.csproj", "{9F6971CA-90E0-8B80-60B4-AF38A855F964}"
EndProject
Project("{FAE04EC0-301F-11D3-BF4B-00C04F79EFBC}") = "SimpleWebTransport", "SimpleWebTransport.csproj", "{24FC1196-253E-EBCA-C570-BE6AE7F0846F}"
EndProject
Project("{FAE04EC0-301F-11D3-BF4B-00C04F79EFBC}") = "Mirror.Examples", "Mirror.Examples.csproj", "{6A0A90D9-7FF5-6ABC-24CE-CD10B48EE8F8}"
EndProject
Project("{FAE04EC0-301F-11D3-BF4B-00C04F79EFBC}") = "PhotonUnityNetworking.Demos", "PhotonUnityNetworking.Demos.csproj", "{FDE00E29-73C4-8D19-8866-A1E9A9C5FEDC}"
EndProject
Project("{FAE04EC0-301F-11D3-BF4B-00C04F79EFBC}") = "PhotonUnityNetworking", "PhotonUnityNetworking.csproj", "{A0BDB462-F598-280B-3431-B30BA2A7699E}"
EndProject
Project("{FAE04EC0-301F-11D3-BF4B-00C04F79EFBC}") = "Mirror.Components", "Mirror.Components.csproj", "{3A31B012-E71C-7BA9-906D-FEBAE053CA15}"
EndProject
Project("{FAE04EC0-301F-11D3-BF4B-00C04F79EFBC}") = "Mirror.Tests.Common", "Mirror.Tests.Common.csproj", "{0899ED93-D08E-377E-EFCF-E6BFBD25A615}"
EndProject
Project("{FAE04EC0-301F-11D3-BF4B-00C04F79EFBC}") = "PhotonChat", "PhotonChat.csproj", "{97DCB3F6-308D-C144-138A-2B4DEF144D47}"
EndProject
Project("{FAE04EC0-301F-11D3-BF4B-00C04F79EFBC}") = "Mirror.Tests.Runtime", "Mirror.Tests.Runtime.csproj", "{8026DEEF-0335-46C9-7A64-F60E7C06ABBD}"
EndProject
Project("{FAE04EC0-301F-11D3-BF4B-00C04F79EFBC}") = "PhotonRealtime", "PhotonRealtime.csproj", "{220F3043-D04A-0CCC-01BD-74FBF2DDA39D}"
EndProject
Project("{FAE04EC0-301F-11D3-BF4B-00C04F79EFBC}") = "Telepathy", "Telepathy.csproj", "{C1ACD782-9043-67D8-781E-EA5DCE919968}"
EndProject
Project("{FAE04EC0-301F-11D3-BF4B-00C04F79EFBC}") = "Mirror.Authenticators", "Mirror.Authenticators.csproj", "{D9B62A09-D4F9-0704-9E97-20637BFD6702}"
EndProject
Project("{FAE04EC0-301F-11D3-BF4B-00C04F79EFBC}") = "kcp2k", "kcp2k.csproj", "{1A52478C-C614-44FB-5095-F4FDE0AA1CD1}"
EndProject
Project("{FAE04EC0-301F-11D3-BF4B-00C04F79EFBC}") = "Mirror.Examples.Cloud.GUI", "Mirror.Examples.Cloud.GUI.csproj", "{96514086-1C1F-B2C8-85AE-520F06DCB462}"
EndProject
Project("{FAE04EC0-301F-11D3-BF4B-00C04F79EFBC}") = "Mirror.Cloud", "Mirror.Cloud.csproj", "{869B8F33-6265-FB3A-05FB-7E76CDFEB04F}"
EndProject
Project("{FAE04EC0-301F-11D3-BF4B-00C04F79EFBC}") = "Mirror.Examples.Cloud.Pong", "Mirror.Examples.Cloud.Pong.csproj", "{8285FC8D-0E9D-E244-97CA-32739B374A61}"
EndProject
Project("{FAE04EC0-301F-11D3-BF4B-00C04F79EFBC}") = "Mirror.Tests.Performance.Runtime", "Mirror.Tests.Performance.Runtime.csproj", "{4AAB2254-F205-EBC0-43F7-64716A5DA02C}"
EndProject
Project("{FAE04EC0-301F-11D3-BF4B-00C04F79EFBC}") = "PhotonUnityNetworking.Editor", "PhotonUnityNetworking.Editor.csproj", "{D42A7F6A-5062-059F-9C33-972309F0D8E0}"
EndProject
Project("{FAE04EC0-301F-11D3-BF4B-00C04F79EFBC}") = "Mirror.Weaver", "Mirror.Weaver.csproj", "{F118E29E-4410-82DD-E790-75BE82BD73A0}"
EndProject
Project("{FAE04EC0-301F-11D3-BF4B-00C04F79EFBC}") = "Mirror.Tests", "Mirror.Tests.csproj", "{122B7417-2BED-7911-68DC-ACC7FDDD3108}"
EndProject
Project("{FAE04EC0-301F-11D3-BF4B-00C04F79EFBC}") = "ParrelSync", "ParrelSync.csproj", "{2F1A344B-B87A-9FCF-1549-D83E531D9B2C}"
EndProject
Project("{FAE04EC0-301F-11D3-BF4B-00C04F79EFBC}") = "WeaverTestExtraAssembly", "WeaverTestExtraAssembly.csproj", "{D7A212BD-F95C-2462-A0B9-4C2C1CECF208}"
EndProject
Project("{FAE04EC0-301F-11D3-BF4B-00C04F79EFBC}") = "Mirror.Tests.Performance.Editor", "Mirror.Tests.Performance.Editor.csproj", "{FBF30FC4-DB45-FF03-E0F8-1A93183DDB08}"
EndProject
Project("{FAE04EC0-301F-11D3-BF4B-00C04F79EFBC}") = "Mirror.Editor", "Mirror.Editor.csproj", "{BEA8FEE4-5382-1D96-50BD-5BB342DA0E44}"
EndProject
Project("{FAE04EC0-301F-11D3-BF4B-00C04F79EFBC}") = "Mirror.CompilerSymbols", "Mirror.CompilerSymbols.csproj", "{893CBAD1-7BD8-94E7-9468-7F33C5177C44}"
EndProject
Project("{FAE04EC0-301F-11D3-BF4B-00C04F79EFBC}") = "PhotonUnityNetworking.Utilities.PhotonPlayer.Editor", "PhotonUnityNetworking.Utilities.PhotonPlayer.Editor.csproj", "{C4448F75-4A1B-750F-8C8F-10802061F978}"
EndProject
Project("{FAE04EC0-301F-11D3-BF4B-00C04F79EFBC}") = "Assembly-CSharp-Editor", "Assembly-CSharp-Editor.csproj", "{0197FE06-FA6B-D075-96FE-7376AEA3A0E9}"
EndProject
Project("{FAE04EC0-301F-11D3-BF4B-00C04F79EFBC}") = "PunDemos.DemoSlotcarEditor", "PunDemos.DemoSlotcarEditor.csproj", "{0C5F697F-4939-5508-6D89-E6D674E70E65}"
EndProject
Project("{FAE04EC0-301F-11D3-BF4B-00C04F79EFBC}") = "PhotonUnityNetworking.Utilities.Culling.Editor", "PhotonUnityNetworking.Utilities.Culling.Editor.csproj", "{4B0345F0-70D1-77BD-1A54-039D4728A2CC}"
EndProject
Project("{FAE04EC0-301F-11D3-BF4B-00C04F79EFBC}") = "PunDemos.DemoHubEditor", "PunDemos.DemoHubEditor.csproj", "{B402E40F-0947-B8C5-44C4-11BDA1BF872D}"
EndProject
Global
	GlobalSection(SolutionConfigurationPlatforms) = preSolution
		Debug|Any CPU = Debug|Any CPU
		Release|Any CPU = Release|Any CPU
	EndGlobalSection
	GlobalSection(ProjectConfigurationPlatforms) = postSolution
		{4D442985-6350-595E-535A-1A34E725252B}.Debug|Any CPU.ActiveCfg = Debug|Any CPU
		{4D442985-6350-595E-535A-1A34E725252B}.Debug|Any CPU.Build.0 = Debug|Any CPU
		{4D442985-6350-595E-535A-1A34E725252B}.Release|Any CPU.ActiveCfg = Release|Any CPU
		{4D442985-6350-595E-535A-1A34E725252B}.Release|Any CPU.Build.0 = Release|Any CPU
		{307EF005-DF8A-85CC-B3ED-7FFE4A636AD8}.Debug|Any CPU.ActiveCfg = Debug|Any CPU
		{307EF005-DF8A-85CC-B3ED-7FFE4A636AD8}.Debug|Any CPU.Build.0 = Debug|Any CPU
		{307EF005-DF8A-85CC-B3ED-7FFE4A636AD8}.Release|Any CPU.ActiveCfg = Release|Any CPU
		{307EF005-DF8A-85CC-B3ED-7FFE4A636AD8}.Release|Any CPU.Build.0 = Release|Any CPU
		{9F6971CA-90E0-8B80-60B4-AF38A855F964}.Debug|Any CPU.ActiveCfg = Debug|Any CPU
		{9F6971CA-90E0-8B80-60B4-AF38A855F964}.Debug|Any CPU.Build.0 = Debug|Any CPU
		{9F6971CA-90E0-8B80-60B4-AF38A855F964}.Release|Any CPU.ActiveCfg = Release|Any CPU
		{9F6971CA-90E0-8B80-60B4-AF38A855F964}.Release|Any CPU.Build.0 = Release|Any CPU
		{24FC1196-253E-EBCA-C570-BE6AE7F0846F}.Debug|Any CPU.ActiveCfg = Debug|Any CPU
		{24FC1196-253E-EBCA-C570-BE6AE7F0846F}.Debug|Any CPU.Build.0 = Debug|Any CPU
		{24FC1196-253E-EBCA-C570-BE6AE7F0846F}.Release|Any CPU.ActiveCfg = Release|Any CPU
		{24FC1196-253E-EBCA-C570-BE6AE7F0846F}.Release|Any CPU.Build.0 = Release|Any CPU
		{6A0A90D9-7FF5-6ABC-24CE-CD10B48EE8F8}.Debug|Any CPU.ActiveCfg = Debug|Any CPU
		{6A0A90D9-7FF5-6ABC-24CE-CD10B48EE8F8}.Debug|Any CPU.Build.0 = Debug|Any CPU
		{6A0A90D9-7FF5-6ABC-24CE-CD10B48EE8F8}.Release|Any CPU.ActiveCfg = Release|Any CPU
		{6A0A90D9-7FF5-6ABC-24CE-CD10B48EE8F8}.Release|Any CPU.Build.0 = Release|Any CPU
		{FDE00E29-73C4-8D19-8866-A1E9A9C5FEDC}.Debug|Any CPU.ActiveCfg = Debug|Any CPU
		{FDE00E29-73C4-8D19-8866-A1E9A9C5FEDC}.Debug|Any CPU.Build.0 = Debug|Any CPU
		{FDE00E29-73C4-8D19-8866-A1E9A9C5FEDC}.Release|Any CPU.ActiveCfg = Release|Any CPU
		{FDE00E29-73C4-8D19-8866-A1E9A9C5FEDC}.Release|Any CPU.Build.0 = Release|Any CPU
		{A0BDB462-F598-280B-3431-B30BA2A7699E}.Debug|Any CPU.ActiveCfg = Debug|Any CPU
		{A0BDB462-F598-280B-3431-B30BA2A7699E}.Debug|Any CPU.Build.0 = Debug|Any CPU
		{A0BDB462-F598-280B-3431-B30BA2A7699E}.Release|Any CPU.ActiveCfg = Release|Any CPU
		{A0BDB462-F598-280B-3431-B30BA2A7699E}.Release|Any CPU.Build.0 = Release|Any CPU
		{3A31B012-E71C-7BA9-906D-FEBAE053CA15}.Debug|Any CPU.ActiveCfg = Debug|Any CPU
		{3A31B012-E71C-7BA9-906D-FEBAE053CA15}.Debug|Any CPU.Build.0 = Debug|Any CPU
		{3A31B012-E71C-7BA9-906D-FEBAE053CA15}.Release|Any CPU.ActiveCfg = Release|Any CPU
		{3A31B012-E71C-7BA9-906D-FEBAE053CA15}.Release|Any CPU.Build.0 = Release|Any CPU
		{0899ED93-D08E-377E-EFCF-E6BFBD25A615}.Debug|Any CPU.ActiveCfg = Debug|Any CPU
		{0899ED93-D08E-377E-EFCF-E6BFBD25A615}.Debug|Any CPU.Build.0 = Debug|Any CPU
		{0899ED93-D08E-377E-EFCF-E6BFBD25A615}.Release|Any CPU.ActiveCfg = Release|Any CPU
		{0899ED93-D08E-377E-EFCF-E6BFBD25A615}.Release|Any CPU.Build.0 = Release|Any CPU
		{97DCB3F6-308D-C144-138A-2B4DEF144D47}.Debug|Any CPU.ActiveCfg = Debug|Any CPU
		{97DCB3F6-308D-C144-138A-2B4DEF144D47}.Debug|Any CPU.Build.0 = Debug|Any CPU
		{97DCB3F6-308D-C144-138A-2B4DEF144D47}.Release|Any CPU.ActiveCfg = Release|Any CPU
		{97DCB3F6-308D-C144-138A-2B4DEF144D47}.Release|Any CPU.Build.0 = Release|Any CPU
		{8026DEEF-0335-46C9-7A64-F60E7C06ABBD}.Debug|Any CPU.ActiveCfg = Debug|Any CPU
		{8026DEEF-0335-46C9-7A64-F60E7C06ABBD}.Debug|Any CPU.Build.0 = Debug|Any CPU
		{8026DEEF-0335-46C9-7A64-F60E7C06ABBD}.Release|Any CPU.ActiveCfg = Release|Any CPU
		{8026DEEF-0335-46C9-7A64-F60E7C06ABBD}.Release|Any CPU.Build.0 = Release|Any CPU
		{220F3043-D04A-0CCC-01BD-74FBF2DDA39D}.Debug|Any CPU.ActiveCfg = Debug|Any CPU
		{220F3043-D04A-0CCC-01BD-74FBF2DDA39D}.Debug|Any CPU.Build.0 = Debug|Any CPU
		{220F3043-D04A-0CCC-01BD-74FBF2DDA39D}.Release|Any CPU.ActiveCfg = Release|Any CPU
		{220F3043-D04A-0CCC-01BD-74FBF2DDA39D}.Release|Any CPU.Build.0 = Release|Any CPU
		{C1ACD782-9043-67D8-781E-EA5DCE919968}.Debug|Any CPU.ActiveCfg = Debug|Any CPU
		{C1ACD782-9043-67D8-781E-EA5DCE919968}.Debug|Any CPU.Build.0 = Debug|Any CPU
		{C1ACD782-9043-67D8-781E-EA5DCE919968}.Release|Any CPU.ActiveCfg = Release|Any CPU
		{C1ACD782-9043-67D8-781E-EA5DCE919968}.Release|Any CPU.Build.0 = Release|Any CPU
		{D9B62A09-D4F9-0704-9E97-20637BFD6702}.Debug|Any CPU.ActiveCfg = Debug|Any CPU
		{D9B62A09-D4F9-0704-9E97-20637BFD6702}.Debug|Any CPU.Build.0 = Debug|Any CPU
		{D9B62A09-D4F9-0704-9E97-20637BFD6702}.Release|Any CPU.ActiveCfg = Release|Any CPU
		{D9B62A09-D4F9-0704-9E97-20637BFD6702}.Release|Any CPU.Build.0 = Release|Any CPU
		{1A52478C-C614-44FB-5095-F4FDE0AA1CD1}.Debug|Any CPU.ActiveCfg = Debug|Any CPU
		{1A52478C-C614-44FB-5095-F4FDE0AA1CD1}.Debug|Any CPU.Build.0 = Debug|Any CPU
		{1A52478C-C614-44FB-5095-F4FDE0AA1CD1}.Release|Any CPU.ActiveCfg = Release|Any CPU
		{1A52478C-C614-44FB-5095-F4FDE0AA1CD1}.Release|Any CPU.Build.0 = Release|Any CPU
		{96514086-1C1F-B2C8-85AE-520F06DCB462}.Debug|Any CPU.ActiveCfg = Debug|Any CPU
		{96514086-1C1F-B2C8-85AE-520F06DCB462}.Debug|Any CPU.Build.0 = Debug|Any CPU
		{96514086-1C1F-B2C8-85AE-520F06DCB462}.Release|Any CPU.ActiveCfg = Release|Any CPU
		{96514086-1C1F-B2C8-85AE-520F06DCB462}.Release|Any CPU.Build.0 = Release|Any CPU
		{869B8F33-6265-FB3A-05FB-7E76CDFEB04F}.Debug|Any CPU.ActiveCfg = Debug|Any CPU
		{869B8F33-6265-FB3A-05FB-7E76CDFEB04F}.Debug|Any CPU.Build.0 = Debug|Any CPU
		{869B8F33-6265-FB3A-05FB-7E76CDFEB04F}.Release|Any CPU.ActiveCfg = Release|Any CPU
		{869B8F33-6265-FB3A-05FB-7E76CDFEB04F}.Release|Any CPU.Build.0 = Release|Any CPU
		{8285FC8D-0E9D-E244-97CA-32739B374A61}.Debug|Any CPU.ActiveCfg = Debug|Any CPU
		{8285FC8D-0E9D-E244-97CA-32739B374A61}.Debug|Any CPU.Build.0 = Debug|Any CPU
		{8285FC8D-0E9D-E244-97CA-32739B374A61}.Release|Any CPU.ActiveCfg = Release|Any CPU
		{8285FC8D-0E9D-E244-97CA-32739B374A61}.Release|Any CPU.Build.0 = Release|Any CPU
		{4AAB2254-F205-EBC0-43F7-64716A5DA02C}.Debug|Any CPU.ActiveCfg = Debug|Any CPU
		{4AAB2254-F205-EBC0-43F7-64716A5DA02C}.Debug|Any CPU.Build.0 = Debug|Any CPU
		{4AAB2254-F205-EBC0-43F7-64716A5DA02C}.Release|Any CPU.ActiveCfg = Release|Any CPU
		{4AAB2254-F205-EBC0-43F7-64716A5DA02C}.Release|Any CPU.Build.0 = Release|Any CPU
		{D42A7F6A-5062-059F-9C33-972309F0D8E0}.Debug|Any CPU.ActiveCfg = Debug|Any CPU
		{D42A7F6A-5062-059F-9C33-972309F0D8E0}.Debug|Any CPU.Build.0 = Debug|Any CPU
		{D42A7F6A-5062-059F-9C33-972309F0D8E0}.Release|Any CPU.ActiveCfg = Release|Any CPU
		{D42A7F6A-5062-059F-9C33-972309F0D8E0}.Release|Any CPU.Build.0 = Release|Any CPU
		{F118E29E-4410-82DD-E790-75BE82BD73A0}.Debug|Any CPU.ActiveCfg = Debug|Any CPU
		{F118E29E-4410-82DD-E790-75BE82BD73A0}.Debug|Any CPU.Build.0 = Debug|Any CPU
		{F118E29E-4410-82DD-E790-75BE82BD73A0}.Release|Any CPU.ActiveCfg = Release|Any CPU
		{F118E29E-4410-82DD-E790-75BE82BD73A0}.Release|Any CPU.Build.0 = Release|Any CPU
		{122B7417-2BED-7911-68DC-ACC7FDDD3108}.Debug|Any CPU.ActiveCfg = Debug|Any CPU
		{122B7417-2BED-7911-68DC-ACC7FDDD3108}.Debug|Any CPU.Build.0 = Debug|Any CPU
		{122B7417-2BED-7911-68DC-ACC7FDDD3108}.Release|Any CPU.ActiveCfg = Release|Any CPU
		{122B7417-2BED-7911-68DC-ACC7FDDD3108}.Release|Any CPU.Build.0 = Release|Any CPU
		{2F1A344B-B87A-9FCF-1549-D83E531D9B2C}.Debug|Any CPU.ActiveCfg = Debug|Any CPU
		{2F1A344B-B87A-9FCF-1549-D83E531D9B2C}.Debug|Any CPU.Build.0 = Debug|Any CPU
		{2F1A344B-B87A-9FCF-1549-D83E531D9B2C}.Release|Any CPU.ActiveCfg = Release|Any CPU
		{2F1A344B-B87A-9FCF-1549-D83E531D9B2C}.Release|Any CPU.Build.0 = Release|Any CPU
		{D7A212BD-F95C-2462-A0B9-4C2C1CECF208}.Debug|Any CPU.ActiveCfg = Debug|Any CPU
		{D7A212BD-F95C-2462-A0B9-4C2C1CECF208}.Debug|Any CPU.Build.0 = Debug|Any CPU
		{D7A212BD-F95C-2462-A0B9-4C2C1CECF208}.Release|Any CPU.ActiveCfg = Release|Any CPU
		{D7A212BD-F95C-2462-A0B9-4C2C1CECF208}.Release|Any CPU.Build.0 = Release|Any CPU
		{FBF30FC4-DB45-FF03-E0F8-1A93183DDB08}.Debug|Any CPU.ActiveCfg = Debug|Any CPU
		{FBF30FC4-DB45-FF03-E0F8-1A93183DDB08}.Debug|Any CPU.Build.0 = Debug|Any CPU
		{FBF30FC4-DB45-FF03-E0F8-1A93183DDB08}.Release|Any CPU.ActiveCfg = Release|Any CPU
		{FBF30FC4-DB45-FF03-E0F8-1A93183DDB08}.Release|Any CPU.Build.0 = Release|Any CPU
		{BEA8FEE4-5382-1D96-50BD-5BB342DA0E44}.Debug|Any CPU.ActiveCfg = Debug|Any CPU
		{BEA8FEE4-5382-1D96-50BD-5BB342DA0E44}.Debug|Any CPU.Build.0 = Debug|Any CPU
		{BEA8FEE4-5382-1D96-50BD-5BB342DA0E44}.Release|Any CPU.ActiveCfg = Release|Any CPU
		{BEA8FEE4-5382-1D96-50BD-5BB342DA0E44}.Release|Any CPU.Build.0 = Release|Any CPU
		{893CBAD1-7BD8-94E7-9468-7F33C5177C44}.Debug|Any CPU.ActiveCfg = Debug|Any CPU
		{893CBAD1-7BD8-94E7-9468-7F33C5177C44}.Debug|Any CPU.Build.0 = Debug|Any CPU
		{893CBAD1-7BD8-94E7-9468-7F33C5177C44}.Release|Any CPU.ActiveCfg = Release|Any CPU
		{893CBAD1-7BD8-94E7-9468-7F33C5177C44}.Release|Any CPU.Build.0 = Release|Any CPU
		{C4448F75-4A1B-750F-8C8F-10802061F978}.Debug|Any CPU.ActiveCfg = Debug|Any CPU
		{C4448F75-4A1B-750F-8C8F-10802061F978}.Debug|Any CPU.Build.0 = Debug|Any CPU
		{C4448F75-4A1B-750F-8C8F-10802061F978}.Release|Any CPU.ActiveCfg = Release|Any CPU
		{C4448F75-4A1B-750F-8C8F-10802061F978}.Release|Any CPU.Build.0 = Release|Any CPU
		{0197FE06-FA6B-D075-96FE-7376AEA3A0E9}.Debug|Any CPU.ActiveCfg = Debug|Any CPU
		{0197FE06-FA6B-D075-96FE-7376AEA3A0E9}.Debug|Any CPU.Build.0 = Debug|Any CPU
		{0197FE06-FA6B-D075-96FE-7376AEA3A0E9}.Release|Any CPU.ActiveCfg = Release|Any CPU
		{0197FE06-FA6B-D075-96FE-7376AEA3A0E9}.Release|Any CPU.Build.0 = Release|Any CPU
		{0C5F697F-4939-5508-6D89-E6D674E70E65}.Debug|Any CPU.ActiveCfg = Debug|Any CPU
		{0C5F697F-4939-5508-6D89-E6D674E70E65}.Debug|Any CPU.Build.0 = Debug|Any CPU
		{0C5F697F-4939-5508-6D89-E6D674E70E65}.Release|Any CPU.ActiveCfg = Release|Any CPU
		{0C5F697F-4939-5508-6D89-E6D674E70E65}.Release|Any CPU.Build.0 = Release|Any CPU
		{4B0345F0-70D1-77BD-1A54-039D4728A2CC}.Debug|Any CPU.ActiveCfg = Debug|Any CPU
		{4B0345F0-70D1-77BD-1A54-039D4728A2CC}.Debug|Any CPU.Build.0 = Debug|Any CPU
		{4B0345F0-70D1-77BD-1A54-039D4728A2CC}.Release|Any CPU.ActiveCfg = Release|Any CPU
		{4B0345F0-70D1-77BD-1A54-039D4728A2CC}.Release|Any CPU.Build.0 = Release|Any CPU
		{B402E40F-0947-B8C5-44C4-11BDA1BF872D}.Debug|Any CPU.ActiveCfg = Debug|Any CPU
		{B402E40F-0947-B8C5-44C4-11BDA1BF872D}.Debug|Any CPU.Build.0 = Debug|Any CPU
		{B402E40F-0947-B8C5-44C4-11BDA1BF872D}.Release|Any CPU.ActiveCfg = Release|Any CPU
		{B402E40F-0947-B8C5-44C4-11BDA1BF872D}.Release|Any CPU.Build.0 = Release|Any CPU
	EndGlobalSection
	GlobalSection(SolutionProperties) = preSolution
		HideSolutionNode = FALSE
	EndGlobalSection
EndGlobal
